
Microsoft Visual Studio Solution File, Format Version 12.00
# Visual Studio 2013
VisualStudioVersion = 12.0.30723.0
MinimumVisualStudioVersion = 10.0.40219.1
Project("{8BC9CEB8-8B4A-11D0-8D11-00A0C91BC942}") = "samp-plugin-mysql", "samp-plugin-mysql.vcxproj", "{53A7F0FD-6581-4F8A-A8D6-F4C2F50E72DF}"
EndProject
Project("{8BC9CEB8-8B4A-11D0-8D11-00A0C91BC942}") = "unit-test", "unit-test\unit-test.vcxproj", "{EC50EFB5-1F54-4781-90AD-0901BAE07CE5}"
	ProjectSection(ProjectDependencies) = postProject
		{53A7F0FD-6581-4F8A-A8D6-F4C2F50E72DF} = {53A7F0FD-6581-4F8A-A8D6-F4C2F50E72DF}
	EndProjectSection
EndProject
Global
	GlobalSection(SolutionConfigurationPlatforms) = preSolution
		Debug|Win32 = Debug|Win32
		Release|Win32 = Release|Win32
	EndGlobalSection
	GlobalSection(ProjectConfigurationPlatforms) = postSolution
		{53A7F0FD-6581-4F8A-A8D6-F4C2F50E72DF}.Debug|Win32.ActiveCfg = Debug|Win32
		{53A7F0FD-6581-4F8A-A8D6-F4C2F50E72DF}.Debug|Win32.Build.0 = Debug|Win32
		{53A7F0FD-6581-4F8A-A8D6-F4C2F50E72DF}.Release|Win32.ActiveCfg = Release|Win32
		{53A7F0FD-6581-4F8A-A8D6-F4C2F50E72DF}.Release|Win32.Build.0 = Release|Win32
		{EC50EFB5-1F54-4781-90AD-0901BAE07CE5}.Debug|Win32.ActiveCfg = Debug|Win32
		{EC50EFB5-1F54-4781-90AD-0901BAE07CE5}.Debug|Win32.Build.0 = Debug|Win32
		{EC50EFB5-1F54-4781-90AD-0901BAE07CE5}.Release|Win32.ActiveCfg = Release|Win32
		{EC50EFB5-1F54-4781-90AD-0901BAE07CE5}.Release|Win32.Build.0 = Release|Win32
	EndGlobalSection
	GlobalSection(SolutionProperties) = preSolution
		HideSolutionNode = FALSE
	EndGlobalSection
EndGlobal
